{
  "name": "ntu-cool-video-downloader",
  "version": "1.1.1",
  "lockfileVersion": 3,
  "requires": true,
  "packages": {
    "": {
      "name": "ntu-cool-video-downloader",
      "version": "1.1.1",
      "dependencies": {
        "mp4box": "2.4.1"
      }
    },
    "node_modules/mp4box": {
      "version": "2.4.1",
      "resolved": "https://registry.npmjs.org/mp4box/-/mp4box-2.4.1.tgz",
      "integrity": "sha512-0HGX7nXoDIX6FKLVl4a3wtYjBlwqsN3xuQC3GXzNtKp98FXUOhDSq623azsz8DG5ptd9ZXcXodDkgbdMZOjWvw==",
      "license": "BSD-3-Clause",
      "engines": {
        "node": ">=20.8.1"
      }
    }
  }
}
